dependencies:
  use-memo-one: 1.1.1
  wana: 0.6.0-5
lockfileVersion: 5.1
packages:
  /@babel/runtime/7.6.3:
    dependencies:
      regenerator-runtime: 0.13.3
    dev: false
    resolution:
      integrity: sha512-kq6anf9JGjW8Nt5rYfEuGRaEAaH1mkv3Bbu6rYvLOpPh/RusSJXuKPEAoZ7L7gybZkchE8+NV5g9vKF4AGAtsA==
  /regenerator-runtime/0.13.3:
    dev: false
    resolution:
      integrity: sha512-naKIZz2GQ8JWh///G7L3X6LaQUAMp2lvb1rvwwsURe/VXwD6VMfr+/1NuNw3ag8v2kY1aQ/go5SNn79O9JU7yw==
  /use-memo-one/1.1.1:
    dev: false
    peerDependencies:
      react: ^16.8.0
    resolution:
      integrity: sha512-oFfsyun+bP7RX8X2AskHNTxu+R3QdE/RC5IefMbqptmACAA/gfol1KDD5KRzPsGMa62sWxGZw+Ui43u6x4ddoQ==
  /wana/0.6.0-5:
    dependencies:
      '@babel/runtime': 7.6.3
      use-memo-one: 1.1.1
    dev: false
    resolution:
      integrity: sha512-BnH0oZ9MQWEBiZ9HPQ4IYvMAPsTqUDNN6vikPVy9dfIcABTnhnVq8usA5Vk4H7afcpLD9CQuIWgjUJ1j1oFtUw==
specifiers:
  use-memo-one: ^1.1.1
  wana: ^0.6.0-5
